{
    "_readme": [
        "This file locks the dependencies of your project to a known state",
        "Read more about it at https://getcomposer.org/doc/01-basic-usage.md#composer-lock-the-lock-file",
        "This file is @generated automatically"
    ],
    "content-hash": "8c5f65d84174fddbd48fdac4e9b0a50e",
    "packages": [],
    "packages-dev": [
        {
            "name": "eaglewu/swoole-ide-helper",
            "version": "dev-master",
            "source": {
                "type": "git",
                "url": "https://github.com/eaglewu/swoole-ide-helper.git",
                "reference": "2f9177b4694b90b64a244e09daadf89e5bf88ad0"
            },
            "dist": {
                "type": "zip",
                "url": "https://api.github.com/repos/eaglewu/swoole-ide-helper/zipball/2f9177b4694b90b64a244e09daadf89e5bf88ad0",
                "reference": "2f9177b4694b90b64a244e09daadf89e5bf88ad0",
                "shasum": ""
            },
            "type": "library",
            "autoload": {
                "psr-4": {
                    "Swoole\\": "src/"
                }
            },
            "notification-url": "https://packagist.org/downloads/",
            "authors": [
                {
                    "name": "eagle",
                    "email": "eaglewudi@gmail.com"
                }
            ],
            "description": "Swoole 在IDE下自动识别类、函数、宏，自动补全函数名",
            "time": "2018-02-05T05:06:02+00:00"
        }
    ],
    "aliases": [],
    "minimum-stability": "stable",
    "stability-flags": {
        "eaglewu/swoole-ide-helper": 20
    },
    "prefer-stable": false,
    "prefer-lowest": false,
    "platform": [],
    "platform-dev": []
}
